// !$*UTF8*$!
{
	archiveVersion = 1;
	classes = {
	};
	objectVersion = 56;
	objects = {

/* Begin PBXBuildFile section */
		1F036715290E872600E8E6EB /* AppDelegate.swift in Sources */ = {isa = PBXBuildFile; fileRef = 1F036714290E872600E8E6EB /* AppDelegate.swift */; };
		1F036717290E872600E8E6EB /* SceneDelegate.swift in Sources */ = {isa = PBXBuildFile; fileRef = 1F036716290E872600E8E6EB /* SceneDelegate.swift */; };
		1F036719290E872600E8E6EB /* ExploreViewController.swift in Sources */ = {isa = PBXBuildFile; fileRef = 1F036718290E872600E8E6EB /* ExploreViewController.swift */; };
		1F03671E290E872700E8E6EB /* Assets.xcassets in Resources */ = {isa = PBXBuildFile; fileRef = 1F03671D290E872700E8E6EB /* Assets.xcassets */; };
		1F036721290E872700E8E6EB /* LaunchScreen.storyboard in Resources */ = {isa = PBXBuildFile; fileRef = 1F03671F290E872700E8E6EB /* LaunchScreen.storyboard */; };
		1F036731290E9B2B00E8E6EB /* TabBarConfigurator.swift in Sources */ = {isa = PBXBuildFile; fileRef = 1F036730290E9B2B00E8E6EB /* TabBarConfigurator.swift */; };
		1F036733290E9B3600E8E6EB /* TabBarModel.swift in Sources */ = {isa = PBXBuildFile; fileRef = 1F036732290E9B3600E8E6EB /* TabBarModel.swift */; };
		1F036736290E9B9B00E8E6EB /* FavoriteViewController.swift in Sources */ = {isa = PBXBuildFile; fileRef = 1F036734290E9B9B00E8E6EB /* FavoriteViewController.swift */; };
		1F036737290E9B9B00E8E6EB /* FavoriteViewController.xib in Resources */ = {isa = PBXBuildFile; fileRef = 1F036735290E9B9B00E8E6EB /* FavoriteViewController.xib */; };
		1F03673A290E9BAB00E8E6EB /* ProfileViewController.swift in Sources */ = {isa = PBXBuildFile; fileRef = 1F036738290E9BAB00E8E6EB /* ProfileViewController.swift */; };
		1F03673B290E9BAB00E8E6EB /* ProfileViewController.xib in Resources */ = {isa = PBXBuildFile; fileRef = 1F036739290E9BAB00E8E6EB /* ProfileViewController.xib */; };
		1F036746290E9C3400E8E6EB /* ReportViewController.swift in Sources */ = {isa = PBXBuildFile; fileRef = 1F036744290E9C3400E8E6EB /* ReportViewController.swift */; };
		1F036747290E9C3400E8E6EB /* ReportViewController.xib in Resources */ = {isa = PBXBuildFile; fileRef = 1F036745290E9C3400E8E6EB /* ReportViewController.xib */; };
		1F03674B290E9CB900E8E6EB /* FeedViewController.swift in Sources */ = {isa = PBXBuildFile; fileRef = 1F036749290E9CB900E8E6EB /* FeedViewController.swift */; };
		1F03674C290E9CB900E8E6EB /* FeedViewController.xib in Resources */ = {isa = PBXBuildFile; fileRef = 1F03674A290E9CB900E8E6EB /* FeedViewController.xib */; };
		1FA5CFFD292BCA690001EB62 /* RoutesCollectionViewCell.swift in Sources */ = {isa = PBXBuildFile; fileRef = 1FA5CFFC292BCA690001EB62 /* RoutesCollectionViewCell.swift */; };
		1FA5CFFF292BCA7B0001EB62 /* EventsCollectionViewCell.swift in Sources */ = {isa = PBXBuildFile; fileRef = 1FA5CFFE292BCA7B0001EB62 /* EventsCollectionViewCell.swift */; };
		1FA5D001292BCA8C0001EB62 /* GarbagePointsCollectionViewCell.swift in Sources */ = {isa = PBXBuildFile; fileRef = 1FA5D000292BCA8C0001EB62 /* GarbagePointsCollectionViewCell.swift */; };
		1FAD518929119CF5004558D8 /* SF-Pro-Rounded-Semibold.otf in Resources */ = {isa = PBXBuildFile; fileRef = 1FAD518829119CF5004558D8 /* SF-Pro-Rounded-Semibold.otf */; };
		1FAD518C29119E92004558D8 /* FontKit.swift in Sources */ = {isa = PBXBuildFile; fileRef = 1FAD518B29119E92004558D8 /* FontKit.swift */; };
		1FAEBAAB292267FD00300CE6 /* CardsData.swift in Sources */ = {isa = PBXBuildFile; fileRef = 1FAEBAAA292267FD00300CE6 /* CardsData.swift */; };
		1FAEBAB32922A6D100300CE6 /* TabView.swift in Sources */ = {isa = PBXBuildFile; fileRef = 1FAEBAB22922A6D100300CE6 /* TabView.swift */; };
		1FAEBAB52922A6E900300CE6 /* ScrollableTabView.swift in Sources */ = {isa = PBXBuildFile; fileRef = 1FAEBAB42922A6E900300CE6 /* ScrollableTabView.swift */; };
		1FCAB0142914F16C00598ED2 /* PlacesCardCollectionViewCell.swift in Sources */ = {isa = PBXBuildFile; fileRef = 1FCAB0132914F16C00598ED2 /* PlacesCardCollectionViewCell.swift */; };
/* End PBXBuildFile section */

/* Begin PBXFileReference section */
		1F036711290E872600E8E6EB /* PolezniyEcoTourismApp.app */ = {isa = PBXFileReference; explicitFileType = wrapper.application; includeInIndex = 0; path = PolezniyEcoTourismApp.app; sourceTree = BUILT_PRODUCTS_DIR; };
		1F036714290E872600E8E6EB /* AppDelegate.swift */ = {isa = PBXFileReference; lastKnownFileType = sourcecode.swift; path = AppDelegate.swift; sourceTree = "<group>"; };
		1F036716290E872600E8E6EB /* SceneDelegate.swift */ = {isa = PBXFileReference; lastKnownFileType = sourcecode.swift; path = SceneDelegate.swift; sourceTree = "<group>"; };
		1F036718290E872600E8E6EB /* ExploreViewController.swift */ = {isa = PBXFileReference; lastKnownFileType = sourcecode.swift; path = ExploreViewController.swift; sourceTree = "<group>"; };
		1F03671D290E872700E8E6EB /* Assets.xcassets */ = {isa = PBXFileReference; lastKnownFileType = folder.assetcatalog; path = Assets.xcassets; sourceTree = "<group>"; };
		1F036720290E872700E8E6EB /* Base */ = {isa = PBXFileReference; lastKnownFileType = file.storyboard; name = Base; path = Base.lproj/LaunchScreen.storyboard; sourceTree = "<group>"; };
		1F036722290E872700E8E6EB /* Info.plist */ = {isa = PBXFileReference; lastKnownFileType = text.plist.xml; path = Info.plist; sourceTree = "<group>"; };
		1F036730290E9B2B00E8E6EB /* TabBarConfigurator.swift */ = {isa = PBXFileReference; lastKnownFileType = sourcecode.swift; path = TabBarConfigurator.swift; sourceTree = "<group>"; };
		1F036732290E9B3600E8E6EB /* TabBarModel.swift */ = {isa = PBXFileReference; lastKnownFileType = sourcecode.swift; path = TabBarModel.swift; sourceTree = "<group>"; };
		1F036734290E9B9B00E8E6EB /* FavoriteViewController.swift */ = {isa = PBXFileReference; lastKnownFileType = sourcecode.swift; path = FavoriteViewController.swift; sourceTree = "<group>"; };
		1F036735290E9B9B00E8E6EB /* FavoriteViewController.xib */ = {isa = PBXFileReference; lastKnownFileType = file.xib; path = FavoriteViewController.xib; sourceTree = "<group>"; };
		1F036738290E9BAB00E8E6EB /* ProfileViewController.swift */ = {isa = PBXFileReference; lastKnownFileType = sourcecode.swift; path = ProfileViewController.swift; sourceTree = "<group>"; };
		1F036739290E9BAB00E8E6EB /* ProfileViewController.xib */ = {isa = PBXFileReference; lastKnownFileType = file.xib; path = ProfileViewController.xib; sourceTree = "<group>"; };
		1F036744290E9C3400E8E6EB /* ReportViewController.swift */ = {isa = PBXFileReference; lastKnownFileType = sourcecode.swift; path = ReportViewController.swift; sourceTree = "<group>"; };
		1F036745290E9C3400E8E6EB /* ReportViewController.xib */ = {isa = PBXFileReference; lastKnownFileType = file.xib; path = ReportViewController.xib; sourceTree = "<group>"; };
		1F036749290E9CB900E8E6EB /* FeedViewController.swift */ = {isa = PBXFileReference; lastKnownFileType = sourcecode.swift; path = FeedViewController.swift; sourceTree = "<group>"; };
		1F03674A290E9CB900E8E6EB /* FeedViewController.xib */ = {isa = PBXFileReference; lastKnownFileType = file.xib; path = FeedViewController.xib; sourceTree = "<group>"; };
		1FA5CFFC292BCA690001EB62 /* RoutesCollectionViewCell.swift */ = {isa = PBXFileReference; lastKnownFileType = sourcecode.swift; path = RoutesCollectionViewCell.swift; sourceTree = "<group>"; };
		1FA5CFFE292BCA7B0001EB62 /* EventsCollectionViewCell.swift */ = {isa = PBXFileReference; lastKnownFileType = sourcecode.swift; path = EventsCollectionViewCell.swift; sourceTree = "<group>"; };
		1FA5D000292BCA8C0001EB62 /* GarbagePointsCollectionViewCell.swift */ = {isa = PBXFileReference; lastKnownFileType = sourcecode.swift; path = GarbagePointsCollectionViewCell.swift; sourceTree = "<group>"; };
		1FAD518829119CF5004558D8 /* SF-Pro-Rounded-Semibold.otf */ = {isa = PBXFileReference; lastKnownFileType = file; path = "SF-Pro-Rounded-Semibold.otf"; sourceTree = "<group>"; };
		1FAD518B29119E92004558D8 /* FontKit.swift */ = {isa = PBXFileReference; lastKnownFileType = sourcecode.swift; path = FontKit.swift; sourceTree = "<group>"; };
		1FAEBAAA292267FD00300CE6 /* CardsData.swift */ = {isa = PBXFileReference; lastKnownFileType = sourcecode.swift; path = CardsData.swift; sourceTree = "<group>"; };
		1FAEBAB22922A6D100300CE6 /* TabView.swift */ = {isa = PBXFileReference; lastKnownFileType = sourcecode.swift; path = TabView.swift; sourceTree = "<group>"; };
		1FAEBAB42922A6E900300CE6 /* ScrollableTabView.swift */ = {isa = PBXFileReference; lastKnownFileType = sourcecode.swift; path = ScrollableTabView.swift; sourceTree = "<group>"; };
		1FCAB0132914F16C00598ED2 /* PlacesCardCollectionViewCell.swift */ = {isa = PBXFileReference; lastKnownFileType = sourcecode.swift; path = PlacesCardCollectionViewCell.swift; sourceTree = "<group>"; };
/* End PBXFileReference section */

/* Begin PBXFrameworksBuildPhase section */
		1F03670E290E872600E8E6EB /* Frameworks */ = {
			isa = PBXFrameworksBuildPhase;
			buildActionMask = 2147483647;
			files = (
			);
			runOnlyForDeploymentPostprocessing = 0;
		};
/* End PBXFrameworksBuildPhase section */

/* Begin PBXGroup section */
		1F036708290E872600E8E6EB = {
			isa = PBXGroup;
			children = (
				1F036713290E872600E8E6EB /* PolezniyEcoTourismApp */,
				1F036712290E872600E8E6EB /* Products */,
			);
			sourceTree = "<group>";
		};
		1F036712290E872600E8E6EB /* Products */ = {
			isa = PBXGroup;
			children = (
				1F036711290E872600E8E6EB /* PolezniyEcoTourismApp.app */,
			);
			name = Products;
			sourceTree = "<group>";
		};
		1F036713290E872600E8E6EB /* PolezniyEcoTourismApp */ = {
			isa = PBXGroup;
			children = (
				1FAD518A29119E86004558D8 /* Helper */,
				1F036729290E98EB00E8E6EB /* Application */,
				1F03672F290E9A3500E8E6EB /* ReportModule */,
				1F03672D290E9A1D00E8E6EB /* ProfileModule */,
				1F036748290E9CA900E8E6EB /* FeedModule */,
				1F03672C290E9A1200E8E6EB /* FavoriteModule */,
				1F03672A290E99E800E8E6EB /* TabBar */,
				1F03672B290E9A0500E8E6EB /* MainModule */,
			);
			path = PolezniyEcoTourismApp;
			sourceTree = "<group>";
		};
		1F036728290E98AC00E8E6EB /* Resources */ = {
			isa = PBXGroup;
			children = (
				1FAD518829119CF5004558D8 /* SF-Pro-Rounded-Semibold.otf */,
				1F03671D290E872700E8E6EB /* Assets.xcassets */,
				1F03671F290E872700E8E6EB /* LaunchScreen.storyboard */,
				1F036722290E872700E8E6EB /* Info.plist */,
			);
			path = Resources;
			sourceTree = "<group>";
		};
		1F036729290E98EB00E8E6EB /* Application */ = {
			isa = PBXGroup;
			children = (
				1F036728290E98AC00E8E6EB /* Resources */,
				1F036714290E872600E8E6EB /* AppDelegate.swift */,
				1F036716290E872600E8E6EB /* SceneDelegate.swift */,
			);
			path = Application;
			sourceTree = "<group>";
		};
		1F03672A290E99E800E8E6EB /* TabBar */ = {
			isa = PBXGroup;
			children = (
				1F036730290E9B2B00E8E6EB /* TabBarConfigurator.swift */,
				1F036732290E9B3600E8E6EB /* TabBarModel.swift */,
			);
			path = TabBar;
			sourceTree = "<group>";
		};
		1F03672B290E9A0500E8E6EB /* MainModule */ = {
			isa = PBXGroup;
			children = (
				1F036718290E872600E8E6EB /* ExploreViewController.swift */,
				1F77F66B291BEBDB00412DEF /* ExploreCells */,
				1FAD518F2913FF39004558D8 /* HorizontalExploreMenu */,
				1FAEBAAA292267FD00300CE6 /* CardsData.swift */,
			);
			path = MainModule;
			sourceTree = "<group>";
		};
		1F03672C290E9A1200E8E6EB /* FavoriteModule */ = {
			isa = PBXGroup;
			children = (
				1F036734290E9B9B00E8E6EB /* FavoriteViewController.swift */,
				1F036735290E9B9B00E8E6EB /* FavoriteViewController.xib */,
			);
			path = FavoriteModule;
			sourceTree = "<group>";
		};
		1F03672D290E9A1D00E8E6EB /* ProfileModule */ = {
			isa = PBXGroup;
			children = (
				1F036738290E9BAB00E8E6EB /* ProfileViewController.swift */,
				1F036739290E9BAB00E8E6EB /* ProfileViewController.xib */,
			);
			path = ProfileModule;
			sourceTree = "<group>";
		};
		1F03672F290E9A3500E8E6EB /* ReportModule */ = {
			isa = PBXGroup;
			children = (
				1F036744290E9C3400E8E6EB /* ReportViewController.swift */,
				1F036745290E9C3400E8E6EB /* ReportViewController.xib */,
			);
			path = ReportModule;
			sourceTree = "<group>";
		};
		1F036748290E9CA900E8E6EB /* FeedModule */ = {
			isa = PBXGroup;
			children = (
				1F036749290E9CB900E8E6EB /* FeedViewController.swift */,
				1F03674A290E9CB900E8E6EB /* FeedViewController.xib */,
			);
			path = FeedModule;
			sourceTree = "<group>";
		};
		1F77F66B291BEBDB00412DEF /* ExploreCells */ = {
			isa = PBXGroup;
			children = (
				1FCAB0132914F16C00598ED2 /* PlacesCardCollectionViewCell.swift */,
				1FA5CFFC292BCA690001EB62 /* RoutesCollectionViewCell.swift */,
				1FA5CFFE292BCA7B0001EB62 /* EventsCollectionViewCell.swift */,
				1FA5D000292BCA8C0001EB62 /* GarbagePointsCollectionViewCell.swift */,
			);
			path = ExploreCells;
			sourceTree = "<group>";
		};
		1FAD518A29119E86004558D8 /* Helper */ = {
			isa = PBXGroup;
			children = (
				1FAD518B29119E92004558D8 /* FontKit.swift */,
			);
			path = Helper;
			sourceTree = "<group>";
		};
		1FAD518F2913FF39004558D8 /* HorizontalExploreMenu */ = {
			isa = PBXGroup;
			children = (
				1FAEBAB22922A6D100300CE6 /* TabView.swift */,
				1FAEBAB42922A6E900300CE6 /* ScrollableTabView.swift */,
			);
			path = HorizontalExploreMenu;
			sourceTree = "<group>";
		};
/* End PBXGroup section */

/* Begin PBXNativeTarget section */
		1F036710290E872600E8E6EB /* PolezniyEcoTourismApp */ = {
			isa = PBXNativeTarget;
			buildConfigurationList = 1F036725290E872700E8E6EB /* Build configuration list for PBXNativeTarget "PolezniyEcoTourismApp" */;
			buildPhases = (
				1F03670D290E872600E8E6EB /* Sources */,
				1F03670E290E872600E8E6EB /* Frameworks */,
				1F03670F290E872600E8E6EB /* Resources */,
			);
			buildRules = (
			);
			dependencies = (
			);
			name = PolezniyEcoTourismApp;
			productName = PolezniyEcoTourismApp;
			productReference = 1F036711290E872600E8E6EB /* PolezniyEcoTourismApp.app */;
			productType = "com.apple.product-type.application";
		};
/* End PBXNativeTarget section */

/* Begin PBXProject section */
		1F036709290E872600E8E6EB /* Project object */ = {
			isa = PBXProject;
			attributes = {
				BuildIndependentTargetsInParallel = 1;
				LastSwiftUpdateCheck = 1400;
				LastUpgradeCheck = 1400;
				TargetAttributes = {
					1F036710290E872600E8E6EB = {
						CreatedOnToolsVersion = 14.0.1;
					};
				};
			};
			buildConfigurationList = 1F03670C290E872600E8E6EB /* Build configuration list for PBXProject "PolezniyEcoTourismApp" */;
			compatibilityVersion = "Xcode 14.0";
			developmentRegion = en;
			hasScannedForEncodings = 0;
			knownRegions = (
				en,
				Base,
			);
			mainGroup = 1F036708290E872600E8E6EB;
			productRefGroup = 1F036712290E872600E8E6EB /* Products */;
			projectDirPath = "";
			projectRoot = "";
			targets = (
				1F036710290E872600E8E6EB /* PolezniyEcoTourismApp */,
			);
		};
/* End PBXProject section */

/* Begin PBXResourcesBuildPhase section */
		1F03670F290E872600E8E6EB /* Resources */ = {
			isa = PBXResourcesBuildPhase;
			buildActionMask = 2147483647;
			files = (
				1F036721290E872700E8E6EB /* LaunchScreen.storyboard in Resources */,
				1F036747290E9C3400E8E6EB /* ReportViewController.xib in Resources */,
				1F03671E290E872700E8E6EB /* Assets.xcassets in Resources */,
				1F03673B290E9BAB00E8E6EB /* ProfileViewController.xib in Resources */,
				1F03674C290E9CB900E8E6EB /* FeedViewController.xib in Resources */,
				1FAD518929119CF5004558D8 /* SF-Pro-Rounded-Semibold.otf in Resources */,
				1F036737290E9B9B00E8E6EB /* FavoriteViewController.xib in Resources */,
			);
			runOnlyForDeploymentPostprocessing = 0;
		};
/* End PBXResourcesBuildPhase section */

/* Begin PBXSourcesBuildPhase section */
		1F03670D290E872600E8E6EB /* Sources */ = {
			isa = PBXSourcesBuildPhase;
			buildActionMask = 2147483647;
			files = (
				1F036719290E872600E8E6EB /* ExploreViewController.swift in Sources */,
				1F03674B290E9CB900E8E6EB /* FeedViewController.swift in Sources */,
				1F036715290E872600E8E6EB /* AppDelegate.swift in Sources */,
				1FA5D001292BCA8C0001EB62 /* GarbagePointsCollectionViewCell.swift in Sources */,
				1F036731290E9B2B00E8E6EB /* TabBarConfigurator.swift in Sources */,
				1F036717290E872600E8E6EB /* SceneDelegate.swift in Sources */,
				1FA5CFFF292BCA7B0001EB62 /* EventsCollectionViewCell.swift in Sources */,
				1FCAB0142914F16C00598ED2 /* PlacesCardCollectionViewCell.swift in Sources */,
				1F03673A290E9BAB00E8E6EB /* ProfileViewController.swift in Sources */,
				1FAD518C29119E92004558D8 /* FontKit.swift in Sources */,
				1FAEBAB32922A6D100300CE6 /* TabView.swift in Sources */,
				1FA5CFFD292BCA690001EB62 /* RoutesCollectionViewCell.swift in Sources */,
				1F036746290E9C3400E8E6EB /* ReportViewController.swift in Sources */,
				1F036736290E9B9B00E8E6EB /* FavoriteViewController.swift in Sources */,
				1FAEBAB52922A6E900300CE6 /* ScrollableTabView.swift in Sources */,
				1FAEBAAB292267FD00300CE6 /* CardsData.swift in Sources */,
				1F036733290E9B3600E8E6EB /* TabBarModel.swift in Sources */,
			);
			runOnlyForDeploymentPostprocessing = 0;
		};
/* End PBXSourcesBuildPhase section */

/* Begin PBXVariantGroup section */
		1F03671F290E872700E8E6EB /* LaunchScreen.storyboard */ = {
			isa = PBXVariantGroup;
			children = (
				1F036720290E872700E8E6EB /* Base */,
			);
			name = LaunchScreen.storyboard;
			sourceTree = "<group>";
		};
/* End PBXVariantGroup section */

/* Begin XCBuildConfiguration section */
		1F036723290E872700E8E6EB /* Debug */ = {
			isa = XCBuildConfiguration;
			buildSettings = {
				ALWAYS_SEARCH_USER_PATHS = NO;
				CLANG_ANALYZER_NONNULL = YES;
				CLANG_ANALYZER_NUMBER_OBJECT_CONVERSION = YES_AGGRESSIVE;
				CLANG_CXX_LANGUAGE_STANDARD = "gnu++20";
				CLANG_ENABLE_MODULES = YES;
				CLANG_ENABLE_OBJC_ARC = YES;
				CLANG_ENABLE_OBJC_WEAK = YES;
				CLANG_WARN_BLOCK_CAPTURE_AUTORELEASING = YES;
				CLANG_WARN_BOOL_CONVERSION = YES;
				CLANG_WARN_COMMA = YES;
				CLANG_WARN_CONSTANT_CONVERSION = YES;
				CLANG_WARN_DEPRECATED_OBJC_IMPLEMENTATIONS = YES;
				CLANG_WARN_DIRECT_OBJC_ISA_USAGE = YES_ERROR;
				CLANG_WARN_DOCUMENTATION_COMMENTS = YES;
				CLANG_WARN_EMPTY_BODY = YES;
				CLANG_WARN_ENUM_CONVERSION = YES;
				CLANG_WARN_INFINITE_RECURSION = YES;
				CLANG_WARN_INT_CONVERSION = YES;
				CLANG_WARN_NON_LITERAL_NULL_CONVERSION = YES;
				CLANG_WARN_OBJC_IMPLICIT_RETAIN_SELF = YES;
				CLANG_WARN_OBJC_LITERAL_CONVERSION = YES;
				CLANG_WARN_OBJC_ROOT_CLASS = YES_ERROR;
				CLANG_WARN_QUOTED_INCLUDE_IN_FRAMEWORK_HEADER = YES;
				CLANG_WARN_RANGE_LOOP_ANALYSIS = YES;
				CLANG_WARN_STRICT_PROTOTYPES = YES;
				CLANG_WARN_SUSPICIOUS_MOVE = YES;
				CLANG_WARN_UNGUARDED_AVAILABILITY = YES_AGGRESSIVE;
				CLANG_WARN_UNREACHABLE_CODE = YES;
				CLANG_WARN__DUPLICATE_METHOD_MATCH = YES;
				COPY_PHASE_STRIP = NO;
				DEBUG_INFORMATION_FORMAT = dwarf;
				ENABLE_STRICT_OBJC_MSGSEND = YES;
				ENABLE_TESTABILITY = YES;
				GCC_C_LANGUAGE_STANDARD = gnu11;
				GCC_DYNAMIC_NO_PIC = NO;
				GCC_NO_COMMON_BLOCKS = YES;
				GCC_OPTIMIZATION_LEVEL = 0;
				GCC_PREPROCESSOR_DEFINITIONS = (
					"DEBUG=1",
					"$(inherited)",
				);
				GCC_WARN_64_TO_32_BIT_CONVERSION = YES;
				GCC_WARN_ABOUT_RETURN_TYPE = YES_ERROR;
				GCC_WARN_UNDECLARED_SELECTOR = YES;
				GCC_WARN_UNINITIALIZED_AUTOS = YES_AGGRESSIVE;
				GCC_WARN_UNUSED_FUNCTION = YES;
				GCC_WARN_UNUSED_VARIABLE = YES;
				IPHONEOS_DEPLOYMENT_TARGET = 16.0;
				MTL_ENABLE_DEBUG_INFO = INCLUDE_SOURCE;
				MTL_FAST_MATH = YES;
				ONLY_ACTIVE_ARCH = YES;
				SDKROOT = iphoneos;
				SWIFT_ACTIVE_COMPILATION_CONDITIONS = DEBUG;
				SWIFT_OPTIMIZATION_LEVEL = "-Onone";
			};
			name = Debug;
		};
		1F036724290E872700E8E6EB /* Release */ = {
			isa = XCBuildConfiguration;
			buildSettings = {
				ALWAYS_SEARCH_USER_PATHS = NO;
				CLANG_ANALYZER_NONNULL = YES;
				CLANG_ANALYZER_NUMBER_OBJECT_CONVERSION = YES_AGGRESSIVE;
				CLANG_CXX_LANGUAGE_STANDARD = "gnu++20";
				CLANG_ENABLE_MODULES = YES;
				CLANG_ENABLE_OBJC_ARC = YES;
				CLANG_ENABLE_OBJC_WEAK = YES;
				CLANG_WARN_BLOCK_CAPTURE_AUTORELEASING = YES;
				CLANG_WARN_BOOL_CONVERSION = YES;
				CLANG_WARN_COMMA = YES;
				CLANG_WARN_CONSTANT_CONVERSION = YES;
				CLANG_WARN_DEPRECATED_OBJC_IMPLEMENTATIONS = YES;
				CLANG_WARN_DIRECT_OBJC_ISA_USAGE = YES_ERROR;
				CLANG_WARN_DOCUMENTATION_COMMENTS = YES;
				CLANG_WARN_EMPTY_BODY = YES;
				CLANG_WARN_ENUM_CONVERSION = YES;
				CLANG_WARN_INFINITE_RECURSION = YES;
				CLANG_WARN_INT_CONVERSION = YES;
				CLANG_WARN_NON_LITERAL_NULL_CONVERSION = YES;
				CLANG_WARN_OBJC_IMPLICIT_RETAIN_SELF = YES;
				CLANG_WARN_OBJC_LITERAL_CONVERSION = YES;
				CLANG_WARN_OBJC_ROOT_CLASS = YES_ERROR;
				CLANG_WARN_QUOTED_INCLUDE_IN_FRAMEWORK_HEADER = YES;
				CLANG_WARN_RANGE_LOOP_ANALYSIS = YES;
				CLANG_WARN_STRICT_PROTOTYPES = YES;
				CLANG_WARN_SUSPICIOUS_MOVE = YES;
				CLANG_WARN_UNGUARDED_AVAILABILITY = YES_AGGRESSIVE;
				CLANG_WARN_UNREACHABLE_CODE = YES;
				CLANG_WARN__DUPLICATE_METHOD_MATCH = YES;
				COPY_PHASE_STRIP = NO;
				DEBUG_INFORMATION_FORMAT = "dwarf-with-dsym";
				ENABLE_NS_ASSERTIONS = NO;
				ENABLE_STRICT_OBJC_MSGSEND = YES;
				GCC_C_LANGUAGE_STANDARD = gnu11;
				GCC_NO_COMMON_BLOCKS = YES;
				GCC_WARN_64_TO_32_BIT_CONVERSION = YES;
				GCC_WARN_ABOUT_RETURN_TYPE = YES_ERROR;
				GCC_WARN_UNDECLARED_SELECTOR = YES;
				GCC_WARN_UNINITIALIZED_AUTOS = YES_AGGRESSIVE;
				GCC_WARN_UNUSED_FUNCTION = YES;
				GCC_WARN_UNUSED_VARIABLE = YES;
				IPHONEOS_DEPLOYMENT_TARGET = 16.0;
				MTL_ENABLE_DEBUG_INFO = NO;
				MTL_FAST_MATH = YES;
				SDKROOT = iphoneos;
				SWIFT_COMPILATION_MODE = wholemodule;
				SWIFT_OPTIMIZATION_LEVEL = "-O";
				VALIDATE_PRODUCT = YES;
			};
			name = Release;
		};
		1F036726290E872700E8E6EB /* Debug */ = {
			isa = XCBuildConfiguration;
			buildSettings = {
				ASSETCATALOG_COMPILER_APPICON_NAME = AppIcon;
				ASSETCATALOG_COMPILER_GLOBAL_ACCENT_COLOR_NAME = AccentColor;
				CODE_SIGN_STYLE = Automatic;
				CURRENT_PROJECT_VERSION = 1;
				DEVELOPMENT_TEAM = 3335BGVMD7;
				GENERATE_INFOPLIST_FILE = YES;
				INFOPLIST_FILE = PolezniyEcoTourismApp/Application/Resources/Info.plist;
				INFOPLIST_KEY_UIApplicationSupportsIndirectInputEvents = YES;
				INFOPLIST_KEY_UILaunchStoryboardName = LaunchScreen;
				INFOPLIST_KEY_UIMainStoryboardFile = "";
				INFOPLIST_KEY_UISupportedInterfaceOrientations_iPad = "UIInterfaceOrientationPortrait UIInterfaceOrientationPortraitUpsideDown UIInterfaceOrientationLandscapeLeft UIInterfaceOrientationLandscapeRight";
				INFOPLIST_KEY_UISupportedInterfaceOrientations_iPhone = "UIInterfaceOrientationPortrait UIInterfaceOrientationLandscapeLeft UIInterfaceOrientationLandscapeRight";
				IPHONEOS_DEPLOYMENT_TARGET = 13.0;
				LD_RUNPATH_SEARCH_PATHS = (
					"$(inherited)",
					"@executable_path/Frameworks",
				);
				MARKETING_VERSION = 1.0;
				PRODUCT_BUNDLE_IDENTIFIER = chebuevara.PolezniyEcoTourismApp;
				PRODUCT_NAME = "$(TARGET_NAME)";
				SWIFT_EMIT_LOC_STRINGS = YES;
				SWIFT_VERSION = 5.0;
				TARGETED_DEVICE_FAMILY = "1,2";
			};
			name = Debug;
		};
		1F036727290E872700E8E6EB /* Release */ = {
			isa = XCBuildConfiguration;
			buildSettings = {
				ASSETCATALOG_COMPILER_APPICON_NAME = AppIcon;
				ASSETCATALOG_COMPILER_GLOBAL_ACCENT_COLOR_NAME = AccentColor;
				CODE_SIGN_STYLE = Automatic;
				CURRENT_PROJECT_VERSION = 1;
				DEVELOPMENT_TEAM = 3335BGVMD7;
				GENERATE_INFOPLIST_FILE = YES;
				INFOPLIST_FILE = PolezniyEcoTourismApp/Application/Resources/Info.plist;
				INFOPLIST_KEY_UIApplicationSupportsIndirectInputEvents = YES;
				INFOPLIST_KEY_UILaunchStoryboardName = LaunchScreen;
				INFOPLIST_KEY_UIMainStoryboardFile = "";
				INFOPLIST_KEY_UISupportedInterfaceOrientations_iPad = "UIInterfaceOrientationPortrait UIInterfaceOrientationPortraitUpsideDown UIInterfaceOrientationLandscapeLeft UIInterfaceOrientationLandscapeRight";
				INFOPLIST_KEY_UISupportedInterfaceOrientations_iPhone = "UIInterfaceOrientationPortrait UIInterfaceOrientationLandscapeLeft UIInterfaceOrientationLandscapeRight";
				IPHONEOS_DEPLOYMENT_TARGET = 13.0;
				LD_RUNPATH_SEARCH_PATHS = (
					"$(inherited)",
					"@executable_path/Frameworks",
				);
				MARKETING_VERSION = 1.0;
				PRODUCT_BUNDLE_IDENTIFIER = chebuevara.PolezniyEcoTourismApp;
				PRODUCT_NAME = "$(TARGET_NAME)";
				SWIFT_EMIT_LOC_STRINGS = YES;
				SWIFT_VERSION = 5.0;
				TARGETED_DEVICE_FAMILY = "1,2";
			};
			name = Release;
		};
/* End XCBuildConfiguration section */

/* Begin XCConfigurationList section */
		1F03670C290E872600E8E6EB /* Build configuration list for PBXProject "PolezniyEcoTourismApp" */ = {
			isa = XCConfigurationList;
			buildConfigurations = (
				1F036723290E872700E8E6EB /* Debug */,
				1F036724290E872700E8E6EB /* Release */,
			);
			defaultConfigurationIsVisible = 0;
			defaultConfigurationName = Release;
		};
		1F036725290E872700E8E6EB /* Build configuration list for PBXNativeTarget "PolezniyEcoTourismApp" */ = {
			isa = XCConfigurationList;
			buildConfigurations = (
				1F036726290E872700E8E6EB /* Debug */,
				1F036727290E872700E8E6EB /* Release */,
			);
			defaultConfigurationIsVisible = 0;
			defaultConfigurationName = Release;
		};
/* End XCConfigurationList section */
	};
	rootObject = 1F036709290E872600E8E6EB /* Project object */;
}
